
Microsoft Visual Studio Solution File, Format Version 12.00
# Visual Studio Version 17
VisualStudioVersion = 17.0.31912.275
MinimumVisualStudioVersion = 10.0.40219.1
Project("{9A19103F-16F7-4668-BE54-9A1E7A4F7556}") = "Application", "src\Application\Application.csproj", "{EBF48B39-C520-4E2F-BB26-4E2AE97413D8}"
EndProject
Project("{9A19103F-16F7-4668-BE54-9A1E7A4F7556}") = "Contract", "src\Contract\Contract.csproj", "{F2E35B3C-479B-400C-9843-62C09CFB8F63}"
EndProject
Project("{9A19103F-16F7-4668-BE54-9A1E7A4F7556}") = "Domain", "src\Domain\Domain.csproj", "{73BB940C-A011-42B3-8028-251ECDC2C99F}"
EndProject
Project("{9A19103F-16F7-4668-BE54-9A1E7A4F7556}") = "Presentation.WebAPI", "src\Presentation\WebAPI\Presentation.WebAPI.csproj", "{2D6B3335-3724-4B85-8BB3-E872644D5A0F}"
EndProject
Project("{9A19103F-16F7-4668-BE54-9A1E7A4F7556}") = "Persistence.EFCore", "src\Persistence\EFCore\Persistence.EFCore.csproj", "{838D1012-CA07-4216-9257-077CF2AB4A96}"
EndProject
Project("{2150E333-8FDC-42A3-9474-1A3956D46DE8}") = "test", "test", "{D7D71D19-B293-4699-AB8B-3238997C6FB6}"
EndProject
Project("{9A19103F-16F7-4668-BE54-9A1E7A4F7556}") = "Infrastructure.Adapters", "src\Infrastructure\Adapters\Infrastructure.Adapters.csproj", "{07140F97-3F5D-4FD1-B281-D06C5C5ACDDF}"
EndProject
Project("{9A19103F-16F7-4668-BE54-9A1E7A4F7556}") = "Application.UnitTests", "test\Application.UnitTests\Application.UnitTests.csproj", "{C86A6DE5-421B-4A53-9F21-EF3864D865B6}"
EndProject
Project("{9A19103F-16F7-4668-BE54-9A1E7A4F7556}") = "AcceptanceTests", "test\AcceptanceTests\AcceptanceTests.csproj", "{5EFFFD26-1E3B-4D32-973A-69A3A9B729B3}"
EndProject
Project("{9A19103F-16F7-4668-BE54-9A1E7A4F7556}") = "Configuration", "src\Configuration\Configuration.csproj", "{16EF09E9-3347-4FAF-A2C6-23A8B7F04D83}"
EndProject
Project("{2150E333-8FDC-42A3-9474-1A3956D46DE8}") = "src", "src", "{F818701F-7396-493B-9007-CFAEC60E21CE}"
EndProject
Global
	GlobalSection(SolutionConfigurationPlatforms) = preSolution
		Debug|Any CPU = Debug|Any CPU
		Debug|ARM32 = Debug|ARM32
		Release|Any CPU = Release|Any CPU
		Release|ARM32 = Release|ARM32
	EndGlobalSection
	GlobalSection(ProjectConfigurationPlatforms) = postSolution
		{EBF48B39-C520-4E2F-BB26-4E2AE97413D8}.Debug|Any CPU.ActiveCfg = Debug|Any CPU
		{EBF48B39-C520-4E2F-BB26-4E2AE97413D8}.Debug|Any CPU.Build.0 = Debug|Any CPU
		{EBF48B39-C520-4E2F-BB26-4E2AE97413D8}.Debug|ARM32.ActiveCfg = Debug|Any CPU
		{EBF48B39-C520-4E2F-BB26-4E2AE97413D8}.Debug|ARM32.Build.0 = Debug|Any CPU
		{EBF48B39-C520-4E2F-BB26-4E2AE97413D8}.Release|Any CPU.ActiveCfg = Release|Any CPU
		{EBF48B39-C520-4E2F-BB26-4E2AE97413D8}.Release|Any CPU.Build.0 = Release|Any CPU
		{EBF48B39-C520-4E2F-BB26-4E2AE97413D8}.Release|ARM32.ActiveCfg = Release|Any CPU
		{EBF48B39-C520-4E2F-BB26-4E2AE97413D8}.Release|ARM32.Build.0 = Release|Any CPU
		{F2E35B3C-479B-400C-9843-62C09CFB8F63}.Debug|Any CPU.ActiveCfg = Debug|Any CPU
		{F2E35B3C-479B-400C-9843-62C09CFB8F63}.Debug|Any CPU.Build.0 = Debug|Any CPU
		{F2E35B3C-479B-400C-9843-62C09CFB8F63}.Debug|ARM32.ActiveCfg = Debug|Any CPU
		{F2E35B3C-479B-400C-9843-62C09CFB8F63}.Debug|ARM32.Build.0 = Debug|Any CPU
		{F2E35B3C-479B-400C-9843-62C09CFB8F63}.Release|Any CPU.ActiveCfg = Release|Any CPU
		{F2E35B3C-479B-400C-9843-62C09CFB8F63}.Release|Any CPU.Build.0 = Release|Any CPU
		{F2E35B3C-479B-400C-9843-62C09CFB8F63}.Release|ARM32.ActiveCfg = Release|Any CPU
		{F2E35B3C-479B-400C-9843-62C09CFB8F63}.Release|ARM32.Build.0 = Release|Any CPU
		{73BB940C-A011-42B3-8028-251ECDC2C99F}.Debug|Any CPU.ActiveCfg = Debug|Any CPU
		{73BB940C-A011-42B3-8028-251ECDC2C99F}.Debug|Any CPU.Build.0 = Debug|Any CPU
		{73BB940C-A011-42B3-8028-251ECDC2C99F}.Debug|ARM32.ActiveCfg = Debug|Any CPU
		{73BB940C-A011-42B3-8028-251ECDC2C99F}.Debug|ARM32.Build.0 = Debug|Any CPU
		{73BB940C-A011-42B3-8028-251ECDC2C99F}.Release|Any CPU.ActiveCfg = Release|Any CPU
		{73BB940C-A011-42B3-8028-251ECDC2C99F}.Release|Any CPU.Build.0 = Release|Any CPU
		{73BB940C-A011-42B3-8028-251ECDC2C99F}.Release|ARM32.ActiveCfg = Release|Any CPU
		{73BB940C-A011-42B3-8028-251ECDC2C99F}.Release|ARM32.Build.0 = Release|Any CPU
		{2D6B3335-3724-4B85-8BB3-E872644D5A0F}.Debug|Any CPU.ActiveCfg = Debug|Any CPU
		{2D6B3335-3724-4B85-8BB3-E872644D5A0F}.Debug|Any CPU.Build.0 = Debug|Any CPU
		{2D6B3335-3724-4B85-8BB3-E872644D5A0F}.Debug|ARM32.ActiveCfg = Debug|Any CPU
		{2D6B3335-3724-4B85-8BB3-E872644D5A0F}.Debug|ARM32.Build.0 = Debug|Any CPU
		{2D6B3335-3724-4B85-8BB3-E872644D5A0F}.Release|Any CPU.ActiveCfg = Release|Any CPU
		{2D6B3335-3724-4B85-8BB3-E872644D5A0F}.Release|Any CPU.Build.0 = Release|Any CPU
		{2D6B3335-3724-4B85-8BB3-E872644D5A0F}.Release|ARM32.ActiveCfg = Release|Any CPU
		{2D6B3335-3724-4B85-8BB3-E872644D5A0F}.Release|ARM32.Build.0 = Release|Any CPU
		{838D1012-CA07-4216-9257-077CF2AB4A96}.Debug|Any CPU.ActiveCfg = Debug|Any CPU
		{838D1012-CA07-4216-9257-077CF2AB4A96}.Debug|Any CPU.Build.0 = Debug|Any CPU
		{838D1012-CA07-4216-9257-077CF2AB4A96}.Debug|ARM32.ActiveCfg = Debug|Any CPU
		{838D1012-CA07-4216-9257-077CF2AB4A96}.Debug|ARM32.Build.0 = Debug|Any CPU
		{838D1012-CA07-4216-9257-077CF2AB4A96}.Release|Any CPU.ActiveCfg = Release|Any CPU
		{838D1012-CA07-4216-9257-077CF2AB4A96}.Release|Any CPU.Build.0 = Release|Any CPU
		{838D1012-CA07-4216-9257-077CF2AB4A96}.Release|ARM32.ActiveCfg = Release|Any CPU
		{838D1012-CA07-4216-9257-077CF2AB4A96}.Release|ARM32.Build.0 = Release|Any CPU
		{07140F97-3F5D-4FD1-B281-D06C5C5ACDDF}.Debug|Any CPU.ActiveCfg = Debug|Any CPU
		{07140F97-3F5D-4FD1-B281-D06C5C5ACDDF}.Debug|Any CPU.Build.0 = Debug|Any CPU
		{07140F97-3F5D-4FD1-B281-D06C5C5ACDDF}.Debug|ARM32.ActiveCfg = Debug|Any CPU
		{07140F97-3F5D-4FD1-B281-D06C5C5ACDDF}.Debug|ARM32.Build.0 = Debug|Any CPU
		{07140F97-3F5D-4FD1-B281-D06C5C5ACDDF}.Release|Any CPU.ActiveCfg = Release|Any CPU
		{07140F97-3F5D-4FD1-B281-D06C5C5ACDDF}.Release|Any CPU.Build.0 = Release|Any CPU
		{07140F97-3F5D-4FD1-B281-D06C5C5ACDDF}.Release|ARM32.ActiveCfg = Release|Any CPU
		{07140F97-3F5D-4FD1-B281-D06C5C5ACDDF}.Release|ARM32.Build.0 = Release|Any CPU
		{C86A6DE5-421B-4A53-9F21-EF3864D865B6}.Debug|Any CPU.ActiveCfg = Debug|Any CPU
		{C86A6DE5-421B-4A53-9F21-EF3864D865B6}.Debug|Any CPU.Build.0 = Debug|Any CPU
		{C86A6DE5-421B-4A53-9F21-EF3864D865B6}.Debug|ARM32.ActiveCfg = Debug|Any CPU
		{C86A6DE5-421B-4A53-9F21-EF3864D865B6}.Debug|ARM32.Build.0 = Debug|Any CPU
		{C86A6DE5-421B-4A53-9F21-EF3864D865B6}.Release|Any CPU.ActiveCfg = Release|Any CPU
		{C86A6DE5-421B-4A53-9F21-EF3864D865B6}.Release|Any CPU.Build.0 = Release|Any CPU
		{C86A6DE5-421B-4A53-9F21-EF3864D865B6}.Release|ARM32.ActiveCfg = Release|Any CPU
		{C86A6DE5-421B-4A53-9F21-EF3864D865B6}.Release|ARM32.Build.0 = Release|Any CPU
		{5EFFFD26-1E3B-4D32-973A-69A3A9B729B3}.Debug|Any CPU.ActiveCfg = Debug|Any CPU
		{5EFFFD26-1E3B-4D32-973A-69A3A9B729B3}.Debug|Any CPU.Build.0 = Debug|Any CPU
		{5EFFFD26-1E3B-4D32-973A-69A3A9B729B3}.Debug|ARM32.ActiveCfg = Debug|Any CPU
		{5EFFFD26-1E3B-4D32-973A-69A3A9B729B3}.Debug|ARM32.Build.0 = Debug|Any CPU
		{5EFFFD26-1E3B-4D32-973A-69A3A9B729B3}.Release|Any CPU.ActiveCfg = Release|Any CPU
		{5EFFFD26-1E3B-4D32-973A-69A3A9B729B3}.Release|Any CPU.Build.0 = Release|Any CPU
		{5EFFFD26-1E3B-4D32-973A-69A3A9B729B3}.Release|ARM32.ActiveCfg = Release|Any CPU
		{5EFFFD26-1E3B-4D32-973A-69A3A9B729B3}.Release|ARM32.Build.0 = Release|Any CPU
		{16EF09E9-3347-4FAF-A2C6-23A8B7F04D83}.Debug|Any CPU.ActiveCfg = Debug|Any CPU
		{16EF09E9-3347-4FAF-A2C6-23A8B7F04D83}.Debug|Any CPU.Build.0 = Debug|Any CPU
		{16EF09E9-3347-4FAF-A2C6-23A8B7F04D83}.Debug|ARM32.ActiveCfg = Debug|Any CPU
		{16EF09E9-3347-4FAF-A2C6-23A8B7F04D83}.Debug|ARM32.Build.0 = Debug|Any CPU
		{16EF09E9-3347-4FAF-A2C6-23A8B7F04D83}.Release|Any CPU.ActiveCfg = Release|Any CPU
		{16EF09E9-3347-4FAF-A2C6-23A8B7F04D83}.Release|Any CPU.Build.0 = Release|Any CPU
		{16EF09E9-3347-4FAF-A2C6-23A8B7F04D83}.Release|ARM32.ActiveCfg = Release|Any CPU
		{16EF09E9-3347-4FAF-A2C6-23A8B7F04D83}.Release|ARM32.Build.0 = Release|Any CPU
	EndGlobalSection
	GlobalSection(SolutionProperties) = preSolution
		HideSolutionNode = FALSE
	EndGlobalSection
	GlobalSection(NestedProjects) = preSolution
		{EBF48B39-C520-4E2F-BB26-4E2AE97413D8} = {F818701F-7396-493B-9007-CFAEC60E21CE}
		{F2E35B3C-479B-400C-9843-62C09CFB8F63} = {F818701F-7396-493B-9007-CFAEC60E21CE}
		{73BB940C-A011-42B3-8028-251ECDC2C99F} = {F818701F-7396-493B-9007-CFAEC60E21CE}
		{2D6B3335-3724-4B85-8BB3-E872644D5A0F} = {F818701F-7396-493B-9007-CFAEC60E21CE}
		{838D1012-CA07-4216-9257-077CF2AB4A96} = {F818701F-7396-493B-9007-CFAEC60E21CE}
		{07140F97-3F5D-4FD1-B281-D06C5C5ACDDF} = {F818701F-7396-493B-9007-CFAEC60E21CE}
		{C86A6DE5-421B-4A53-9F21-EF3864D865B6} = {D7D71D19-B293-4699-AB8B-3238997C6FB6}
		{5EFFFD26-1E3B-4D32-973A-69A3A9B729B3} = {D7D71D19-B293-4699-AB8B-3238997C6FB6}
		{16EF09E9-3347-4FAF-A2C6-23A8B7F04D83} = {F818701F-7396-493B-9007-CFAEC60E21CE}
	EndGlobalSection
	GlobalSection(ExtensibilityGlobals) = postSolution
		SolutionGuid = {17274BF8-2414-432B-8CB2-641D15C801CA}
	EndGlobalSection
EndGlobal
